
Microsoft Visual Studio Solution File, Format Version 12.00
# Visual Studio Version 16
VisualStudioVersion = 16.0.29020.237
MinimumVisualStudioVersion = 10.0.40219.1
Project("{FAE04EC0-301F-11D3-BF4B-00C04F79EFBC}") = "CustomAvatar", "CustomAvatar\CustomAvatar.csproj", "{8207B0AC-FCA6-47AA-B634-795271F4E5D0}"
EndProject
Project("{FAE04EC0-301F-11D3-BF4B-00C04F79EFBC}") = "CustomAvatar-Editor", "CustomAvatar-Editor\CustomAvatar-Editor.csproj", "{44C292AC-FC02-4E50-8F49-BA3A6A6EAE37}"
EndProject
Global
	GlobalSection(SolutionConfigurationPlatforms) = preSolution
		Debug|Any CPU = Debug|Any CPU
		Release|Any CPU = Release|Any CPU
	EndGlobalSection
	GlobalSection(ProjectConfigurationPlatforms) = postSolution
		{8207B0AC-FCA6-47AA-B634-795271F4E5D0}.Debug|Any CPU.ActiveCfg = Debug|Any CPU
		{8207B0AC-FCA6-47AA-B634-795271F4E5D0}.Debug|Any CPU.Build.0 = Debug|Any CPU
		{8207B0AC-FCA6-47AA-B634-795271F4E5D0}.Release|Any CPU.ActiveCfg = Release|Any CPU
		{8207B0AC-FCA6-47AA-B634-795271F4E5D0}.Release|Any CPU.Build.0 = Release|Any CPU
		{44C292AC-FC02-4E50-8F49-BA3A6A6EAE37}.Debug|Any CPU.ActiveCfg = Release|Any CPU
		{44C292AC-FC02-4E50-8F49-BA3A6A6EAE37}.Debug|Any CPU.Build.0 = Release|Any CPU
		{44C292AC-FC02-4E50-8F49-BA3A6A6EAE37}.Release|Any CPU.ActiveCfg = Release|Any CPU
		{44C292AC-FC02-4E50-8F49-BA3A6A6EAE37}.Release|Any CPU.Build.0 = Release|Any CPU
	EndGlobalSection
	GlobalSection(SolutionProperties) = preSolution
		HideSolutionNode = FALSE
	EndGlobalSection
	GlobalSection(ExtensibilityGlobals) = postSolution
		SolutionGuid = {DA035933-06F9-40F8-94AC-815BBD7BE841}
	EndGlobalSection
EndGlobal
