
Microsoft Visual Studio Solution File, Format Version 12.00
Project("{FAE04EC0-301F-11D3-BF4B-00C04F79EFBC}") = "CustomAvatar", "CustomAvatar\CustomAvatar.csproj", "{8207B0AC-FCA6-47AA-B634-795271F4E5D0}"
EndProject
Global
	GlobalSection(SolutionConfigurationPlatforms) = preSolution
		Debug|Any CPU = Debug|Any CPU
		Release|Any CPU = Release|Any CPU
	EndGlobalSection
	GlobalSection(ProjectConfigurationPlatforms) = postSolution
		{8207B0AC-FCA6-47AA-B634-795271F4E5D0}.Debug|Any CPU.ActiveCfg = Release|Any CPU
		{8207B0AC-FCA6-47AA-B634-795271F4E5D0}.Debug|Any CPU.Build.0 = Release|Any CPU
		{8207B0AC-FCA6-47AA-B634-795271F4E5D0}.Release|Any CPU.ActiveCfg = Release|Any CPU
		{8207B0AC-FCA6-47AA-B634-795271F4E5D0}.Release|Any CPU.Build.0 = Release|Any CPU
	EndGlobalSection
EndGlobal
